# generated by rye
# use `rye lock` or `rye sync` to update this lockfile
#
# last locked with the following flags:
#   pre: false
#   features: []
#   all-features: false
#   with-sources: false
#   generate-hashes: false

-e file:.
absl-py==2.1.0
    # via tensorboard
annotated-types==0.7.0
    # via pydantic
atpublic==4.1.0
    # via ibis-framework
attrs==23.2.0
    # via visions
bidict==0.23.1
    # via ibis-framework
certifi==2022.12.7
    # via requests
charset-normalizer==2.1.1
    # via requests
click==8.1.7
    # via lazypredict
cloudpickle==3.0.0
    # via shap
contourpy==1.2.1
    # via matplotlib
cycler==0.12.1
    # via matplotlib
dacite==1.8.1
    # via ydata-profiling
filelock==3.13.1
    # via torch
    # via triton
fonttools==4.53.0
    # via matplotlib
fsspec==2024.2.0
    # via torch
grpcio==1.64.1
    # via tensorboard
htmlmin==0.1.12
    # via ydata-profiling
ibis-framework==9.1.0
    # via ml-template
idna==3.4
    # via requests
imagehash==4.3.1
    # via visions
    # via ydata-profiling
jinja2==3.1.3
    # via torch
    # via ydata-profiling
joblib==1.3.2
    # via lazypredict
    # via phik
    # via scikit-learn
kiwisolver==1.4.5
    # via matplotlib
lazypredict==0.2.12
    # via ml-template
lightgbm==4.4.0
    # via lazypredict
    # via ml-template
llvmlite==0.43.0
    # via numba
markdown==3.6
    # via tensorboard
markdown-it-py==3.0.0
    # via rich
markupsafe==2.1.5
    # via jinja2
    # via werkzeug
matplotlib==3.8.4
    # via ml-template
    # via phik
    # via seaborn
    # via wordcloud
    # via ydata-profiling
mdurl==0.1.2
    # via markdown-it-py
mpmath==1.3.0
    # via sympy
multimethod==1.11.2
    # via visions
    # via ydata-profiling
networkx==3.2.1
    # via torch
    # via visions
numba==0.60.0
    # via shap
    # via ydata-profiling
numpy==1.26.3
    # via contourpy
    # via ibis-framework
    # via imagehash
    # via lightgbm
    # via matplotlib
    # via numba
    # via pandas
    # via patsy
    # via phik
    # via pyarrow
    # via pywavelets
    # via scikit-learn
    # via scipy
    # via seaborn
    # via shap
    # via statsmodels
    # via tensorboard
    # via torchvision
    # via visions
    # via wordcloud
    # via xgboost
    # via ydata-profiling
nvidia-cublas-cu12==12.1.3.1
    # via nvidia-cudnn-cu12
    # via nvidia-cusolver-cu12
    # via torch
nvidia-cuda-cupti-cu12==12.1.105
    # via torch
nvidia-cuda-nvrtc-cu12==12.1.105
    # via torch
nvidia-cuda-runtime-cu12==12.1.105
    # via torch
nvidia-cudnn-cu12==8.9.2.26
    # via torch
nvidia-cufft-cu12==11.0.2.54
    # via torch
nvidia-curand-cu12==10.3.2.106
    # via torch
nvidia-cusolver-cu12==11.4.5.107
    # via torch
nvidia-cusparse-cu12==12.1.0.106
    # via nvidia-cusolver-cu12
    # via torch
nvidia-nccl-cu12==2.20.5
    # via torch
    # via xgboost
nvidia-nvjitlink-cu12==12.1.105
    # via nvidia-cusolver-cu12
    # via nvidia-cusparse-cu12
nvidia-nvtx-cu12==12.1.105
    # via torch
packaging==22.0
    # via ibis-framework
    # via matplotlib
    # via plotly
    # via shap
    # via statsmodels
pandas==2.1.4
    # via ibis-framework
    # via lazypredict
    # via phik
    # via seaborn
    # via shap
    # via statsmodels
    # via visions
    # via ydata-profiling
parsy==2.1
    # via ibis-framework
patsy==0.5.6
    # via statsmodels
phik==0.12.4
    # via ydata-profiling
pillow==10.2.0
    # via imagehash
    # via matplotlib
    # via torchvision
    # via visions
    # via wordcloud
plotly==5.22.0
    # via ml-template
polars==0.20.31
    # via ibis-framework
    # via ml-template
protobuf==4.25.3
    # via tensorboard
pyarrow==16.1.0
    # via ibis-framework
pyarrow-hotfix==0.6
    # via ibis-framework
pydantic==2.7.4
    # via ydata-profiling
pydantic-core==2.18.4
    # via pydantic
pygments==2.18.0
    # via rich
pyparsing==3.1.2
    # via matplotlib
python-dateutil==2.9.0.post0
    # via ibis-framework
    # via matplotlib
    # via pandas
pytz==2024.1
    # via ibis-framework
    # via pandas
pywavelets==1.6.0
    # via imagehash
pyyaml==6.0.1
    # via ydata-profiling
requests==2.28.1
    # via ydata-profiling
rich==13.7.1
    # via ibis-framework
scikit-learn==1.5.0
    # via lazypredict
    # via ml-template
    # via shap
scipy==1.11.4
    # via imagehash
    # via lightgbm
    # via phik
    # via scikit-learn
    # via shap
    # via statsmodels
    # via xgboost
    # via ydata-profiling
seaborn==0.13.2
    # via ml-template
    # via ydata-profiling
setuptools==70.1.0
    # via tensorboard
shap==0.45.1
    # via ml-template
six==1.16.0
    # via patsy
    # via python-dateutil
    # via tensorboard
slicer==0.0.8
    # via shap
sqlglot==25.1.0
    # via ibis-framework
statsmodels==0.14.2
    # via ydata-profiling
sympy==1.12
    # via torch
tenacity==8.4.1
    # via plotly
tensorboard==2.17.0
    # via ml-template
tensorboard-data-server==0.7.2
    # via tensorboard
threadpoolctl==3.5.0
    # via scikit-learn
toolz==0.12.1
    # via ibis-framework
torch==2.3.1+cu121
    # via ml-template
    # via torchaudio
    # via torchvision
torchaudio==2.3.1+cu121
    # via ml-template
torchinfo==1.8.0
    # via ml-template
torchvision==0.18.1+cu121
    # via ml-template
tqdm==4.64.1
    # via lazypredict
    # via shap
    # via ydata-profiling
triton==2.3.1
    # via torch
typeguard==4.2.0
    # via ydata-profiling
typing-extensions==4.9.0
    # via ibis-framework
    # via pydantic
    # via pydantic-core
    # via torch
    # via typeguard
tzdata==2024.1
    # via pandas
urllib3==1.26.13
    # via requests
visions==0.7.6
    # via ydata-profiling
werkzeug==3.0.3
    # via tensorboard
wordcloud==1.9.3
    # via ydata-profiling
xgboost==2.1.0
    # via lazypredict
ydata-profiling==4.8.3
    # via ml-template
